
Microsoft Visual Studio Solution File, Format Version 12.00
# Visual Studio Version 17
VisualStudioVersion = 17.0.31903.59
MinimumVisualStudioVersion = 10.0.40219.1
Project("{2150E333-8FDC-42A3-9474-1A3956D46DE8}") = "EngineOfApocalypse", "EngineOfApocalypse", "{B713BCE3-A1DC-4CAB-AE0C-E7DE4F0C3BA0}"
EndProject
Project("{2150E333-8FDC-42A3-9474-1A3956D46DE8}") = "Core", "Core", "{975DA70E-E878-7D90-79E5-57EC52E7685B}"
EndProject
Project("{FAE04EC0-301F-11D3-BF4B-00C04F79EFBC}") = "EngineOfApocalypse.Core", "EngineOfApocalypse\Core\EngineOfApocalypse.Core.csproj", "{42274931-9D5B-4A5E-9417-11DD4EFB4877}"
EndProject
Project("{2150E333-8FDC-42A3-9474-1A3956D46DE8}") = "Renderer", "Renderer", "{A3C2E1F1-B38A-5C99-FD47-A63087AC623B}"
EndProject
Project("{FAE04EC0-301F-11D3-BF4B-00C04F79EFBC}") = "EngineOfApocalypse.Renderer", "EngineOfApocalypse\Renderer\EngineOfApocalypse.Renderer.csproj", "{A4FAFDFB-C704-48DD-A51E-65E15FD024C6}"
EndProject
Project("{2150E333-8FDC-42A3-9474-1A3956D46DE8}") = "Input", "Input", "{60447A12-7620-22B9-7645-833A351669F4}"
EndProject
Project("{FAE04EC0-301F-11D3-BF4B-00C04F79EFBC}") = "EngineOfApocalypse.Input", "EngineOfApocalypse\Input\EngineOfApocalypse.Input.csproj", "{53846043-CB41-4B3E-BD47-F4FA0B766E4B}"
EndProject
Project("{2150E333-8FDC-42A3-9474-1A3956D46DE8}") = "Physics", "Physics", "{55E99B93-E3E0-C68D-824F-A3CAF237E77F}"
EndProject
Project("{FAE04EC0-301F-11D3-BF4B-00C04F79EFBC}") = "EngineOfApocalypse.Physics", "EngineOfApocalypse\Physics\EngineOfApocalypse.Physics.csproj", "{09EB6650-A2FC-453A-AFCD-6860D57D7621}"
EndProject
Project("{2150E333-8FDC-42A3-9474-1A3956D46DE8}") = "Assets", "Assets", "{ACA0BEF1-B56F-03F4-B943-28059801E46B}"
EndProject
Project("{FAE04EC0-301F-11D3-BF4B-00C04F79EFBC}") = "EngineOfApocalypse.Assets", "EngineOfApocalypse\Assets\EngineOfApocalypse.Assets.csproj", "{22C06EEC-AC04-4A71-967C-640FD2E468FD}"
EndProject
Project("{2150E333-8FDC-42A3-9474-1A3956D46DE8}") = "UI", "UI", "{002EC9A7-74B4-6E51-4CD6-EF4490A9CADC}"
EndProject
Project("{FAE04EC0-301F-11D3-BF4B-00C04F79EFBC}") = "EngineOfApocalypse.UI", "EngineOfApocalypse\UI\EngineOfApocalypse.UI.csproj", "{65994689-B7E2-4705-8FFA-717255F1B26B}"
EndProject
Project("{2150E333-8FDC-42A3-9474-1A3956D46DE8}") = "Tools", "Tools", "{6887BD96-DB2C-2910-7A74-0573A4A12F32}"
EndProject
Project("{FAE04EC0-301F-11D3-BF4B-00C04F79EFBC}") = "EngineOfApocalypse.Tools", "EngineOfApocalypse\Tools\EngineOfApocalypse.Tools.csproj", "{E5085DC8-574B-4CD3-A9FB-55DEEEF9F510}"
EndProject
Project("{2150E333-8FDC-42A3-9474-1A3956D46DE8}") = "Demo", "Demo", "{75DADB73-1D45-E0AC-6E60-34C26EFC29E6}"
EndProject
Project("{FAE04EC0-301F-11D3-BF4B-00C04F79EFBC}") = "EngineOfApocalypse.Demo", "EngineOfApocalypse\Demo\EngineOfApocalypse.Demo.csproj", "{7E5EA137-AA63-4CD6-BF93-8B30708CEDB9}"
EndProject
Global
	GlobalSection(SolutionConfigurationPlatforms) = preSolution
		Debug|Any CPU = Debug|Any CPU
		Debug|x64 = Debug|x64
		Debug|x86 = Debug|x86
		Release|Any CPU = Release|Any CPU
		Release|x64 = Release|x64
		Release|x86 = Release|x86
	EndGlobalSection
	GlobalSection(ProjectConfigurationPlatforms) = postSolution
		{42274931-9D5B-4A5E-9417-11DD4EFB4877}.Debug|Any CPU.ActiveCfg = Debug|Any CPU
		{42274931-9D5B-4A5E-9417-11DD4EFB4877}.Debug|Any CPU.Build.0 = Debug|Any CPU
		{42274931-9D5B-4A5E-9417-11DD4EFB4877}.Debug|x64.ActiveCfg = Debug|Any CPU
		{42274931-9D5B-4A5E-9417-11DD4EFB4877}.Debug|x64.Build.0 = Debug|Any CPU
		{42274931-9D5B-4A5E-9417-11DD4EFB4877}.Debug|x86.ActiveCfg = Debug|Any CPU
		{42274931-9D5B-4A5E-9417-11DD4EFB4877}.Debug|x86.Build.0 = Debug|Any CPU
		{42274931-9D5B-4A5E-9417-11DD4EFB4877}.Release|Any CPU.ActiveCfg = Release|Any CPU
		{42274931-9D5B-4A5E-9417-11DD4EFB4877}.Release|Any CPU.Build.0 = Release|Any CPU
		{42274931-9D5B-4A5E-9417-11DD4EFB4877}.Release|x64.ActiveCfg = Release|Any CPU
		{42274931-9D5B-4A5E-9417-11DD4EFB4877}.Release|x64.Build.0 = Release|Any CPU
		{42274931-9D5B-4A5E-9417-11DD4EFB4877}.Release|x86.ActiveCfg = Release|Any CPU
		{42274931-9D5B-4A5E-9417-11DD4EFB4877}.Release|x86.Build.0 = Release|Any CPU
		{A4FAFDFB-C704-48DD-A51E-65E15FD024C6}.Debug|Any CPU.ActiveCfg = Debug|Any CPU
		{A4FAFDFB-C704-48DD-A51E-65E15FD024C6}.Debug|Any CPU.Build.0 = Debug|Any CPU
		{A4FAFDFB-C704-48DD-A51E-65E15FD024C6}.Debug|x64.ActiveCfg = Debug|Any CPU
		{A4FAFDFB-C704-48DD-A51E-65E15FD024C6}.Debug|x64.Build.0 = Debug|Any CPU
		{A4FAFDFB-C704-48DD-A51E-65E15FD024C6}.Debug|x86.ActiveCfg = Debug|Any CPU
		{A4FAFDFB-C704-48DD-A51E-65E15FD024C6}.Debug|x86.Build.0 = Debug|Any CPU
		{A4FAFDFB-C704-48DD-A51E-65E15FD024C6}.Release|Any CPU.ActiveCfg = Release|Any CPU
		{A4FAFDFB-C704-48DD-A51E-65E15FD024C6}.Release|Any CPU.Build.0 = Release|Any CPU
		{A4FAFDFB-C704-48DD-A51E-65E15FD024C6}.Release|x64.ActiveCfg = Release|Any CPU
		{A4FAFDFB-C704-48DD-A51E-65E15FD024C6}.Release|x64.Build.0 = Release|Any CPU
		{A4FAFDFB-C704-48DD-A51E-65E15FD024C6}.Release|x86.ActiveCfg = Release|Any CPU
		{A4FAFDFB-C704-48DD-A51E-65E15FD024C6}.Release|x86.Build.0 = Release|Any CPU
		{53846043-CB41-4B3E-BD47-F4FA0B766E4B}.Debug|Any CPU.ActiveCfg = Debug|Any CPU
		{53846043-CB41-4B3E-BD47-F4FA0B766E4B}.Debug|Any CPU.Build.0 = Debug|Any CPU
		{53846043-CB41-4B3E-BD47-F4FA0B766E4B}.Debug|x64.ActiveCfg = Debug|Any CPU
		{53846043-CB41-4B3E-BD47-F4FA0B766E4B}.Debug|x64.Build.0 = Debug|Any CPU
		{53846043-CB41-4B3E-BD47-F4FA0B766E4B}.Debug|x86.ActiveCfg = Debug|Any CPU
		{53846043-CB41-4B3E-BD47-F4FA0B766E4B}.Debug|x86.Build.0 = Debug|Any CPU
		{53846043-CB41-4B3E-BD47-F4FA0B766E4B}.Release|Any CPU.ActiveCfg = Release|Any CPU
		{53846043-CB41-4B3E-BD47-F4FA0B766E4B}.Release|Any CPU.Build.0 = Release|Any CPU
		{53846043-CB41-4B3E-BD47-F4FA0B766E4B}.Release|x64.ActiveCfg = Release|Any CPU
		{53846043-CB41-4B3E-BD47-F4FA0B766E4B}.Release|x64.Build.0 = Release|Any CPU
		{53846043-CB41-4B3E-BD47-F4FA0B766E4B}.Release|x86.ActiveCfg = Release|Any CPU
		{53846043-CB41-4B3E-BD47-F4FA0B766E4B}.Release|x86.Build.0 = Release|Any CPU
		{09EB6650-A2FC-453A-AFCD-6860D57D7621}.Debug|Any CPU.ActiveCfg = Debug|Any CPU
		{09EB6650-A2FC-453A-AFCD-6860D57D7621}.Debug|Any CPU.Build.0 = Debug|Any CPU
		{09EB6650-A2FC-453A-AFCD-6860D57D7621}.Debug|x64.ActiveCfg = Debug|Any CPU
		{09EB6650-A2FC-453A-AFCD-6860D57D7621}.Debug|x64.Build.0 = Debug|Any CPU
		{09EB6650-A2FC-453A-AFCD-6860D57D7621}.Debug|x86.ActiveCfg = Debug|Any CPU
		{09EB6650-A2FC-453A-AFCD-6860D57D7621}.Debug|x86.Build.0 = Debug|Any CPU
		{09EB6650-A2FC-453A-AFCD-6860D57D7621}.Release|Any CPU.ActiveCfg = Release|Any CPU
		{09EB6650-A2FC-453A-AFCD-6860D57D7621}.Release|Any CPU.Build.0 = Release|Any CPU
		{09EB6650-A2FC-453A-AFCD-6860D57D7621}.Release|x64.ActiveCfg = Release|Any CPU
		{09EB6650-A2FC-453A-AFCD-6860D57D7621}.Release|x64.Build.0 = Release|Any CPU
		{09EB6650-A2FC-453A-AFCD-6860D57D7621}.Release|x86.ActiveCfg = Release|Any CPU
		{09EB6650-A2FC-453A-AFCD-6860D57D7621}.Release|x86.Build.0 = Release|Any CPU
		{22C06EEC-AC04-4A71-967C-640FD2E468FD}.Debug|Any CPU.ActiveCfg = Debug|Any CPU
		{22C06EEC-AC04-4A71-967C-640FD2E468FD}.Debug|Any CPU.Build.0 = Debug|Any CPU
		{22C06EEC-AC04-4A71-967C-640FD2E468FD}.Debug|x64.ActiveCfg = Debug|Any CPU
		{22C06EEC-AC04-4A71-967C-640FD2E468FD}.Debug|x64.Build.0 = Debug|Any CPU
		{22C06EEC-AC04-4A71-967C-640FD2E468FD}.Debug|x86.ActiveCfg = Debug|Any CPU
		{22C06EEC-AC04-4A71-967C-640FD2E468FD}.Debug|x86.Build.0 = Debug|Any CPU
		{22C06EEC-AC04-4A71-967C-640FD2E468FD}.Release|Any CPU.ActiveCfg = Release|Any CPU
		{22C06EEC-AC04-4A71-967C-640FD2E468FD}.Release|Any CPU.Build.0 = Release|Any CPU
		{22C06EEC-AC04-4A71-967C-640FD2E468FD}.Release|x64.ActiveCfg = Release|Any CPU
		{22C06EEC-AC04-4A71-967C-640FD2E468FD}.Release|x64.Build.0 = Release|Any CPU
		{22C06EEC-AC04-4A71-967C-640FD2E468FD}.Release|x86.ActiveCfg = Release|Any CPU
		{22C06EEC-AC04-4A71-967C-640FD2E468FD}.Release|x86.Build.0 = Release|Any CPU
		{65994689-B7E2-4705-8FFA-717255F1B26B}.Debug|Any CPU.ActiveCfg = Debug|Any CPU
		{65994689-B7E2-4705-8FFA-717255F1B26B}.Debug|Any CPU.Build.0 = Debug|Any CPU
		{65994689-B7E2-4705-8FFA-717255F1B26B}.Debug|x64.ActiveCfg = Debug|Any CPU
		{65994689-B7E2-4705-8FFA-717255F1B26B}.Debug|x64.Build.0 = Debug|Any CPU
		{65994689-B7E2-4705-8FFA-717255F1B26B}.Debug|x86.ActiveCfg = Debug|Any CPU
		{65994689-B7E2-4705-8FFA-717255F1B26B}.Debug|x86.Build.0 = Debug|Any CPU
		{65994689-B7E2-4705-8FFA-717255F1B26B}.Release|Any CPU.ActiveCfg = Release|Any CPU
		{65994689-B7E2-4705-8FFA-717255F1B26B}.Release|Any CPU.Build.0 = Release|Any CPU
		{65994689-B7E2-4705-8FFA-717255F1B26B}.Release|x64.ActiveCfg = Release|Any CPU
		{65994689-B7E2-4705-8FFA-717255F1B26B}.Release|x64.Build.0 = Release|Any CPU
		{65994689-B7E2-4705-8FFA-717255F1B26B}.Release|x86.ActiveCfg = Release|Any CPU
		{65994689-B7E2-4705-8FFA-717255F1B26B}.Release|x86.Build.0 = Release|Any CPU
		{E5085DC8-574B-4CD3-A9FB-55DEEEF9F510}.Debug|Any CPU.ActiveCfg = Debug|Any CPU
		{E5085DC8-574B-4CD3-A9FB-55DEEEF9F510}.Debug|Any CPU.Build.0 = Debug|Any CPU
		{E5085DC8-574B-4CD3-A9FB-55DEEEF9F510}.Debug|x64.ActiveCfg = Debug|Any CPU
		{E5085DC8-574B-4CD3-A9FB-55DEEEF9F510}.Debug|x64.Build.0 = Debug|Any CPU
		{E5085DC8-574B-4CD3-A9FB-55DEEEF9F510}.Debug|x86.ActiveCfg = Debug|Any CPU
		{E5085DC8-574B-4CD3-A9FB-55DEEEF9F510}.Debug|x86.Build.0 = Debug|Any CPU
		{E5085DC8-574B-4CD3-A9FB-55DEEEF9F510}.Release|Any CPU.ActiveCfg = Release|Any CPU
		{E5085DC8-574B-4CD3-A9FB-55DEEEF9F510}.Release|Any CPU.Build.0 = Release|Any CPU
		{E5085DC8-574B-4CD3-A9FB-55DEEEF9F510}.Release|x64.ActiveCfg = Release|Any CPU
		{E5085DC8-574B-4CD3-A9FB-55DEEEF9F510}.Release|x64.Build.0 = Release|Any CPU
		{E5085DC8-574B-4CD3-A9FB-55DEEEF9F510}.Release|x86.ActiveCfg = Release|Any CPU
		{E5085DC8-574B-4CD3-A9FB-55DEEEF9F510}.Release|x86.Build.0 = Release|Any CPU
		{7E5EA137-AA63-4CD6-BF93-8B30708CEDB9}.Debug|Any CPU.ActiveCfg = Debug|Any CPU
		{7E5EA137-AA63-4CD6-BF93-8B30708CEDB9}.Debug|Any CPU.Build.0 = Debug|Any CPU
		{7E5EA137-AA63-4CD6-BF93-8B30708CEDB9}.Debug|x64.ActiveCfg = Debug|Any CPU
		{7E5EA137-AA63-4CD6-BF93-8B30708CEDB9}.Debug|x64.Build.0 = Debug|Any CPU
		{7E5EA137-AA63-4CD6-BF93-8B30708CEDB9}.Debug|x86.ActiveCfg = Debug|Any CPU
		{7E5EA137-AA63-4CD6-BF93-8B30708CEDB9}.Debug|x86.Build.0 = Debug|Any CPU
		{7E5EA137-AA63-4CD6-BF93-8B30708CEDB9}.Release|Any CPU.ActiveCfg = Release|Any CPU
		{7E5EA137-AA63-4CD6-BF93-8B30708CEDB9}.Release|Any CPU.Build.0 = Release|Any CPU
		{7E5EA137-AA63-4CD6-BF93-8B30708CEDB9}.Release|x64.ActiveCfg = Release|Any CPU
		{7E5EA137-AA63-4CD6-BF93-8B30708CEDB9}.Release|x64.Build.0 = Release|Any CPU
		{7E5EA137-AA63-4CD6-BF93-8B30708CEDB9}.Release|x86.ActiveCfg = Release|Any CPU
		{7E5EA137-AA63-4CD6-BF93-8B30708CEDB9}.Release|x86.Build.0 = Release|Any CPU
	EndGlobalSection
	GlobalSection(SolutionProperties) = preSolution
		HideSolutionNode = FALSE
	EndGlobalSection
	GlobalSection(NestedProjects) = preSolution
		{975DA70E-E878-7D90-79E5-57EC52E7685B} = {B713BCE3-A1DC-4CAB-AE0C-E7DE4F0C3BA0}
		{42274931-9D5B-4A5E-9417-11DD4EFB4877} = {975DA70E-E878-7D90-79E5-57EC52E7685B}
		{A3C2E1F1-B38A-5C99-FD47-A63087AC623B} = {B713BCE3-A1DC-4CAB-AE0C-E7DE4F0C3BA0}
		{A4FAFDFB-C704-48DD-A51E-65E15FD024C6} = {A3C2E1F1-B38A-5C99-FD47-A63087AC623B}
		{60447A12-7620-22B9-7645-833A351669F4} = {B713BCE3-A1DC-4CAB-AE0C-E7DE4F0C3BA0}
		{53846043-CB41-4B3E-BD47-F4FA0B766E4B} = {60447A12-7620-22B9-7645-833A351669F4}
		{55E99B93-E3E0-C68D-824F-A3CAF237E77F} = {B713BCE3-A1DC-4CAB-AE0C-E7DE4F0C3BA0}
		{09EB6650-A2FC-453A-AFCD-6860D57D7621} = {55E99B93-E3E0-C68D-824F-A3CAF237E77F}
		{ACA0BEF1-B56F-03F4-B943-28059801E46B} = {B713BCE3-A1DC-4CAB-AE0C-E7DE4F0C3BA0}
		{22C06EEC-AC04-4A71-967C-640FD2E468FD} = {ACA0BEF1-B56F-03F4-B943-28059801E46B}
		{002EC9A7-74B4-6E51-4CD6-EF4490A9CADC} = {B713BCE3-A1DC-4CAB-AE0C-E7DE4F0C3BA0}
		{65994689-B7E2-4705-8FFA-717255F1B26B} = {002EC9A7-74B4-6E51-4CD6-EF4490A9CADC}
		{6887BD96-DB2C-2910-7A74-0573A4A12F32} = {B713BCE3-A1DC-4CAB-AE0C-E7DE4F0C3BA0}
		{E5085DC8-574B-4CD3-A9FB-55DEEEF9F510} = {6887BD96-DB2C-2910-7A74-0573A4A12F32}
		{75DADB73-1D45-E0AC-6E60-34C26EFC29E6} = {B713BCE3-A1DC-4CAB-AE0C-E7DE4F0C3BA0}
		{7E5EA137-AA63-4CD6-BF93-8B30708CEDB9} = {75DADB73-1D45-E0AC-6E60-34C26EFC29E6}
	EndGlobalSection
EndGlobal
